
Microsoft Visual Studio Solution File, Format Version 12.00
# Visual Studio Version 17
VisualStudioVersion = 17.1.32319.34
MinimumVisualStudioVersion = 10.0.40219.1
Project("{9A19103F-16F7-4668-BE54-9A1E7A4F7556}") = "Server", "WinFormsApp1\Server.csproj", "{21A4A223-73F0-4459-B23C-5E02415DC4E3}"
EndProject
Project("{FAE04EC0-301F-11D3-BF4B-00C04F79EFBC}") = "Client", "Client\Client.csproj", "{268FA58A-2E9C-427D-B2DC-D4889EA67DE1}"
EndProject
Global
	GlobalSection(SolutionConfigurationPlatforms) = preSolution
		Debug|Any CPU = Debug|Any CPU
		Release|Any CPU = Release|Any CPU
	EndGlobalSection
	GlobalSection(ProjectConfigurationPlatforms) = postSolution
		{21A4A223-73F0-4459-B23C-5E02415DC4E3}.Debug|Any CPU.ActiveCfg = Debug|Any CPU
		{21A4A223-73F0-4459-B23C-5E02415DC4E3}.Debug|Any CPU.Build.0 = Debug|Any CPU
		{21A4A223-73F0-4459-B23C-5E02415DC4E3}.Release|Any CPU.ActiveCfg = Release|Any CPU
		{21A4A223-73F0-4459-B23C-5E02415DC4E3}.Release|Any CPU.Build.0 = Release|Any CPU
		{268FA58A-2E9C-427D-B2DC-D4889EA67DE1}.Debug|Any CPU.ActiveCfg = Debug|Any CPU
		{268FA58A-2E9C-427D-B2DC-D4889EA67DE1}.Debug|Any CPU.Build.0 = Debug|Any CPU
		{268FA58A-2E9C-427D-B2DC-D4889EA67DE1}.Release|Any CPU.ActiveCfg = Release|Any CPU
		{268FA58A-2E9C-427D-B2DC-D4889EA67DE1}.Release|Any CPU.Build.0 = Release|Any CPU
	EndGlobalSection
	GlobalSection(SolutionProperties) = preSolution
		HideSolutionNode = FALSE
	EndGlobalSection
	GlobalSection(ExtensibilityGlobals) = postSolution
		SolutionGuid = {295DE8DC-CB7C-426B-B0E6-A30D36817960}
	EndGlobalSection
EndGlobal
